
Microsoft Visual Studio Solution File, Format Version 12.00
# Visual Studio 15
VisualStudioVersion = 15.0.28307.489
MinimumVisualStudioVersion = 10.0.40219.1
Project("{FAE04EC0-301F-11D3-BF4B-00C04F79EFBC}") = "UdpBroadcast", "UdpBroadcast\UdpBroadcast.csproj", "{AD0D2CE4-D5AC-448D-A822-3BDBE5C298B9}"
EndProject
Project("{FAE04EC0-301F-11D3-BF4B-00C04F79EFBC}") = "UdpPlc", "UdpPlc\UdpPlc.csproj", "{60C76B15-BACE-4616-882C-EF08BE9FE870}"
EndProject
Global
	GlobalSection(SolutionConfigurationPlatforms) = preSolution
		Debug|Any CPU = Debug|Any CPU
		Release|Any CPU = Release|Any CPU
	EndGlobalSection
	GlobalSection(ProjectConfigurationPlatforms) = postSolution
		{AD0D2CE4-D5AC-448D-A822-3BDBE5C298B9}.Debug|Any CPU.ActiveCfg = Debug|Any CPU
		{AD0D2CE4-D5AC-448D-A822-3BDBE5C298B9}.Debug|Any CPU.Build.0 = Debug|Any CPU
		{AD0D2CE4-D5AC-448D-A822-3BDBE5C298B9}.Release|Any CPU.ActiveCfg = Release|Any CPU
		{AD0D2CE4-D5AC-448D-A822-3BDBE5C298B9}.Release|Any CPU.Build.0 = Release|Any CPU
		{60C76B15-BACE-4616-882C-EF08BE9FE870}.Debug|Any CPU.ActiveCfg = Debug|Any CPU
		{60C76B15-BACE-4616-882C-EF08BE9FE870}.Debug|Any CPU.Build.0 = Debug|Any CPU
		{60C76B15-BACE-4616-882C-EF08BE9FE870}.Release|Any CPU.ActiveCfg = Release|Any CPU
		{60C76B15-BACE-4616-882C-EF08BE9FE870}.Release|Any CPU.Build.0 = Release|Any CPU
	EndGlobalSection
	GlobalSection(SolutionProperties) = preSolution
		HideSolutionNode = FALSE
	EndGlobalSection
	GlobalSection(ExtensibilityGlobals) = postSolution
		SolutionGuid = {D5C2F153-C5C0-44ED-B876-23CABE2F7F4F}
	EndGlobalSection
EndGlobal
